Microsoft Visual Studio Solution File, Format Version 12.00
# Visual Studio Version 17
VisualStudioVersion = 17.5.2.0
MinimumVisualStudioVersion = 10.0.40219.1
Project("{2150E333-8FDC-42A3-9474-1A3956D46DE8}") = "win", "win", "{7F41DE96-DA2D-4182-B7D7-1A7729A72A54}"
EndProject
Project("{FAE04EC0-301F-11D3-BF4B-00C04F79EFBC}") = "Howl", "win\Howl\Howl.csproj", "{1A91BD12-4F62-F1E7-7BD9-73E2658443F9}"
EndProject
Global
	GlobalSection(SolutionConfigurationPlatforms) = preSolution
		Debug|Any CPU = Debug|Any CPU
		Release|Any CPU = Release|Any CPU
	EndGlobalSection
	GlobalSection(ProjectConfigurationPlatforms) = postSolution
		{1A91BD12-4F62-F1E7-7BD9-73E2658443F9}.Debug|Any CPU.ActiveCfg = Debug|Any CPU
		{1A91BD12-4F62-F1E7-7BD9-73E2658443F9}.Debug|Any CPU.Build.0 = Debug|Any CPU
		{1A91BD12-4F62-F1E7-7BD9-73E2658443F9}.Release|Any CPU.ActiveCfg = Release|Any CPU
		{1A91BD12-4F62-F1E7-7BD9-73E2658443F9}.Release|Any CPU.Build.0 = Release|Any CPU
	EndGlobalSection
	GlobalSection(SolutionProperties) = preSolution
		HideSolutionNode = FALSE
	EndGlobalSection
	GlobalSection(NestedProjects) = preSolution
		{1A91BD12-4F62-F1E7-7BD9-73E2658443F9} = {7F41DE96-DA2D-4182-B7D7-1A7729A72A54}
	EndGlobalSection
	GlobalSection(ExtensibilityGlobals) = postSolution
		SolutionGuid = {34FE3733-7EE3-4E19-BF58-0EF656E087F8}
	EndGlobalSection
EndGlobal
